<?xml version="1.0" encoding="utf-8"?>
<Project ToolsVersion="4.0" xmlns="http://schemas.microsoft.com/developer/msbuild/2003">
  <ItemGroup>
    <Filter Include="Athena">
      <UniqueIdentifier>{B633ECA7-A2D5-167E-8B90-2AD277D19DCE}</UniqueIdentifier>
    </Filter>
    <Filter Include="Athena\Graphics">
      <UniqueIdentifier>{B688CC66-2214-3A2B-2B25-BD1F972F962B}</UniqueIdentifier>
    </Filter>
    <Filter Include="Platform">
      <UniqueIdentifier>{2AC788B4-1694-E3BF-3FAD-D1672BD9184E}</UniqueIdentifier>
    </Filter>
    <Filter Include="Platform\Windows">
      <UniqueIdentifier>{64FBD71A-50F4-F66C-7926-DCF1657ED678}</UniqueIdentifier>
    </Filter>
  </ItemGroup>
  <ItemGroup>
    <ClInclude Include="src\Athena.h" />
    <ClInclude Include="src\Athena\App.h">
      <Filter>Athena</Filter>
    </ClInclude>
    <ClInclude Include="src\Athena\AthenaCore.h">
      <Filter>Athena</Filter>
    </ClInclude>
    <ClInclude Include="src\Athena\AthenaEntry.h">
      <Filter>Athena</Filter>
    </ClInclude>
    <ClInclude Include="src\Athena\Graphics\Backend.h">
      <Filter>Athena\Graphics</Filter>
    </ClInclude>
    <ClInclude Include="src\Athena\Log.h">
      <Filter>Athena</Filter>
    </ClInclude>
    <ClInclude Include="src\Athena\Window.h">
      <Filter>Athena</Filter>
    </ClInclude>
    <ClInclude Include="src\Platform\Windows\WindowsWindow.h">
      <Filter>Platform\Windows</Filter>
    </ClInclude>
    <ClInclude Include="src\pch.h" />
  </ItemGroup>
  <ItemGroup>
    <ClCompile Include="src\Athena\App.cpp">
      <Filter>Athena</Filter>
    </ClCompile>
    <ClCompile Include="src\Athena\Log.cpp">
      <Filter>Athena</Filter>
    </ClCompile>
    <ClCompile Include="src\Platform\Windows\WindowsWindow.cpp">
      <Filter>Platform\Windows</Filter>
    </ClCompile>
    <ClCompile Include="src\pch.cpp" />
  </ItemGroup>
</Project>